
Microsoft Visual Studio Solution File, Format Version 12.00
# Visual Studio Version 16
VisualStudioVersion = 16.0.31702.278
MinimumVisualStudioVersion = 10.0.40219.1
Project("{F2A71F9B-5D33-465A-A702-920D77279786}") = "pregunta4", "pregunta4\pregunta4.fsproj", "{EFFB6C6A-288E-4E63-9B8A-9EF57ABFF7CA}"
EndProject
Global
	GlobalSection(SolutionConfigurationPlatforms) = preSolution
		Debug|Any CPU = Debug|Any CPU
		Release|Any CPU = Release|Any CPU
	EndGlobalSection
	GlobalSection(ProjectConfigurationPlatforms) = postSolution
		{EFFB6C6A-288E-4E63-9B8A-9EF57ABFF7CA}.Debug|Any CPU.ActiveCfg = Debug|Any CPU
		{EFFB6C6A-288E-4E63-9B8A-9EF57ABFF7CA}.Debug|Any CPU.Build.0 = Debug|Any CPU
		{EFFB6C6A-288E-4E63-9B8A-9EF57ABFF7CA}.Release|Any CPU.ActiveCfg = Release|Any CPU
		{EFFB6C6A-288E-4E63-9B8A-9EF57ABFF7CA}.Release|Any CPU.Build.0 = Release|Any CPU
	EndGlobalSection
	GlobalSection(SolutionProperties) = preSolution
		HideSolutionNode = FALSE
	EndGlobalSection
	GlobalSection(ExtensibilityGlobals) = postSolution
		SolutionGuid = {7047280E-8C79-47B1-A6E5-AE204E2B7B34}
	EndGlobalSection
EndGlobal
